// !$*UTF8*$!
{
	archiveVersion = 1;
	classes = {
	};
	objectVersion = 46;
	objects = {

/* Begin PBXBuildFile section */
		A74D340E180DE58800757E9F /* Foundation.framework in Frameworks */ = {isa = PBXBuildFile; fileRef = A74D340D180DE58800757E9F /* Foundation.framework */; };
		A74D3410180DE58800757E9F /* CoreGraphics.framework in Frameworks */ = {isa = PBXBuildFile; fileRef = A74D340F180DE58800757E9F /* CoreGraphics.framework */; };
		A74D3412180DE58800757E9F /* UIKit.framework in Frameworks */ = {isa = PBXBuildFile; fileRef = A74D3411180DE58800757E9F /* UIKit.framework */; };
		A74D3427180DE58800757E9F /* XCTest.framework in Frameworks */ = {isa = PBXBuildFile; fileRef = A74D3426180DE58800757E9F /* XCTest.framework */; };
		A74D3428180DE58800757E9F /* Foundation.framework in Frameworks */ = {isa = PBXBuildFile; fileRef = A74D340D180DE58800757E9F /* Foundation.framework */; };
		A74D3429180DE58800757E9F /* UIKit.framework in Frameworks */ = {isa = PBXBuildFile; fileRef = A74D3411180DE58800757E9F /* UIKit.framework */; };
		A74D3431180DE58800757E9F /* InfoPlist.strings in Resources */ = {isa = PBXBuildFile; fileRef = A74D342F180DE58800757E9F /* InfoPlist.strings */; };
		A74D3433180DE58800757E9F /* RubyTests.m in Sources */ = {isa = PBXBuildFile; fileRef = A74D3432180DE58800757E9F /* RubyTests.m */; };
		A74D343E180DE5AA00757E9F /* NSArray+Ruby.m in Sources */ = {isa = PBXBuildFile; fileRef = A74D343D180DE5AA00757E9F /* NSArray+Ruby.m */; };
		AB00C2F0EAB140C189837EF4 /* libPods-RubyTests.a in Frameworks */ = {isa = PBXBuildFile; fileRef = 45F3691FE0F84946A3CD2E38 /* libPods-RubyTests.a */; };
/* End PBXBuildFile section */

/* Begin PBXContainerItemProxy section */
		A74D342A180DE58800757E9F /* PBXContainerItemProxy */ = {
			isa = PBXContainerItemProxy;
			containerPortal = A74D3402180DE58800757E9F /* Project object */;
			proxyType = 1;
			remoteGlobalIDString = A74D3409180DE58800757E9F;
			remoteInfo = Ruby;
		};
/* End PBXContainerItemProxy section */

/* Begin PBXFileReference section */
		18FDA2DA49E048108B527498 /* Pods-RubyTests.xcconfig */ = {isa = PBXFileReference; includeInIndex = 1; lastKnownFileType = text.xcconfig; name = "Pods-RubyTests.xcconfig"; path = "Pods/Pods-RubyTests.xcconfig"; sourceTree = "<group>"; };
		45F3691FE0F84946A3CD2E38 /* libPods-RubyTests.a */ = {isa = PBXFileReference; explicitFileType = archive.ar; includeInIndex = 0; path = "libPods-RubyTests.a"; sourceTree = BUILT_PRODUCTS_DIR; };
		A74D340A180DE58800757E9F /* Ruby.app */ = {isa = PBXFileReference; explicitFileType = wrapper.application; includeInIndex = 0; path = Ruby.app; sourceTree = BUILT_PRODUCTS_DIR; };
		A74D340D180DE58800757E9F /* Foundation.framework */ = {isa = PBXFileReference; lastKnownFileType = wrapper.framework; name = Foundation.framework; path = System/Library/Frameworks/Foundation.framework; sourceTree = SDKROOT; };
		A74D340F180DE58800757E9F /* CoreGraphics.framework */ = {isa = PBXFileReference; lastKnownFileType = wrapper.framework; name = CoreGraphics.framework; path = System/Library/Frameworks/CoreGraphics.framework; sourceTree = SDKROOT; };
		A74D3411180DE58800757E9F /* UIKit.framework */ = {isa = PBXFileReference; lastKnownFileType = wrapper.framework; name = UIKit.framework; path = System/Library/Frameworks/UIKit.framework; sourceTree = SDKROOT; };
		A74D3425180DE58800757E9F /* RubyTests.xctest */ = {isa = PBXFileReference; explicitFileType = wrapper.cfbundle; includeInIndex = 0; path = RubyTests.xctest; sourceTree = BUILT_PRODUCTS_DIR; };
		A74D3426180DE58800757E9F /* XCTest.framework */ = {isa = PBXFileReference; lastKnownFileType = wrapper.framework; name = XCTest.framework; path = Library/Frameworks/XCTest.framework; sourceTree = DEVELOPER_DIR; };
		A74D342E180DE58800757E9F /* RubyTests-Info.plist */ = {isa = PBXFileReference; lastKnownFileType = text.plist.xml; path = "RubyTests-Info.plist"; sourceTree = "<group>"; };
		A74D3430180DE58800757E9F /* en */ = {isa = PBXFileReference; lastKnownFileType = text.plist.strings; name = en; path = en.lproj/InfoPlist.strings; sourceTree = "<group>"; };
		A74D3432180DE58800757E9F /* RubyTests.m */ = {isa = PBXFileReference; lastKnownFileType = sourcecode.c.objc; path = RubyTests.m; sourceTree = "<group>"; };
		A74D343C180DE5AA00757E9F /* NSArray+Ruby.h */ = {isa = PBXFileReference; fileEncoding = 4; lastKnownFileType = sourcecode.c.h; path = "NSArray+Ruby.h"; sourceTree = "<group>"; };
		A74D343D180DE5AA00757E9F /* NSArray+Ruby.m */ = {isa = PBXFileReference; fileEncoding = 4; lastKnownFileType = sourcecode.c.objc; path = "NSArray+Ruby.m"; sourceTree = "<group>"; };
/* End PBXFileReference section */

/* Begin PBXFrameworksBuildPhase section */
		A74D3407180DE58800757E9F /* Frameworks */ = {
			isa = PBXFrameworksBuildPhase;
			buildActionMask = 2147483647;
			files = (
				A74D3410180DE58800757E9F /* CoreGraphics.framework in Frameworks */,
				A74D3412180DE58800757E9F /* UIKit.framework in Frameworks */,
				A74D340E180DE58800757E9F /* Foundation.framework in Frameworks */,
			);
			runOnlyForDeploymentPostprocessing = 0;
		};
		A74D3422180DE58800757E9F /* Frameworks */ = {
			isa = PBXFrameworksBuildPhase;
			buildActionMask = 2147483647;
			files = (
				A74D3427180DE58800757E9F /* XCTest.framework in Frameworks */,
				A74D3429180DE58800757E9F /* UIKit.framework in Frameworks */,
				A74D3428180DE58800757E9F /* Foundation.framework in Frameworks */,
				AB00C2F0EAB140C189837EF4 /* libPods-RubyTests.a in Frameworks */,
			);
			runOnlyForDeploymentPostprocessing = 0;
		};
/* End PBXFrameworksBuildPhase section */

/* Begin PBXGroup section */
		A74D3401180DE58800757E9F = {
			isa = PBXGroup;
			children = (
				A74D3413180DE58800757E9F /* Ruby */,
				A74D342C180DE58800757E9F /* RubyTests */,
				A74D340C180DE58800757E9F /* Frameworks */,
				A74D340B180DE58800757E9F /* Products */,
				18FDA2DA49E048108B527498 /* Pods-RubyTests.xcconfig */,
			);
			sourceTree = "<group>";
		};
		A74D340B180DE58800757E9F /* Products */ = {
			isa = PBXGroup;
			children = (
				A74D340A180DE58800757E9F /* Ruby.app */,
				A74D3425180DE58800757E9F /* RubyTests.xctest */,
			);
			name = Products;
			sourceTree = "<group>";
		};
		A74D340C180DE58800757E9F /* Frameworks */ = {
			isa = PBXGroup;
			children = (
				A74D340D180DE58800757E9F /* Foundation.framework */,
				A74D340F180DE58800757E9F /* CoreGraphics.framework */,
				A74D3411180DE58800757E9F /* UIKit.framework */,
				A74D3426180DE58800757E9F /* XCTest.framework */,
				45F3691FE0F84946A3CD2E38 /* libPods-RubyTests.a */,
			);
			name = Frameworks;
			sourceTree = "<group>";
		};
		A74D3413180DE58800757E9F /* Ruby */ = {
			isa = PBXGroup;
			children = (
				A74D343C180DE5AA00757E9F /* NSArray+Ruby.h */,
				A74D343D180DE5AA00757E9F /* NSArray+Ruby.m */,
			);
			path = Ruby;
			sourceTree = "<group>";
		};
		A74D342C180DE58800757E9F /* RubyTests */ = {
			isa = PBXGroup;
			children = (
				A74D3432180DE58800757E9F /* RubyTests.m */,
				A74D342D180DE58800757E9F /* Supporting Files */,
			);
			path = RubyTests;
			sourceTree = "<group>";
		};
		A74D342D180DE58800757E9F /* Supporting Files */ = {
			isa = PBXGroup;
			children = (
				A74D342E180DE58800757E9F /* RubyTests-Info.plist */,
				A74D342F180DE58800757E9F /* InfoPlist.strings */,
			);
			name = "Supporting Files";
			sourceTree = "<group>";
		};
/* End PBXGroup section */

/* Begin PBXNativeTarget section */
		A74D3409180DE58800757E9F /* Ruby */ = {
			isa = PBXNativeTarget;
			buildConfigurationList = A74D3436180DE58800757E9F /* Build configuration list for PBXNativeTarget "Ruby" */;
			buildPhases = (
				A74D3406180DE58800757E9F /* Sources */,
				A74D3407180DE58800757E9F /* Frameworks */,
				A74D3408180DE58800757E9F /* Resources */,
			);
			buildRules = (
			);
			dependencies = (
			);
			name = Ruby;
			productName = Ruby;
			productReference = A74D340A180DE58800757E9F /* Ruby.app */;
			productType = "com.apple.product-type.application";
		};
		A74D3424180DE58800757E9F /* RubyTests */ = {
			isa = PBXNativeTarget;
			buildConfigurationList = A74D3439180DE58800757E9F /* Build configuration list for PBXNativeTarget "RubyTests" */;
			buildPhases = (
				CA7647E97E484A9A928BB3C4 /* Check Pods Manifest.lock */,
				A74D3421180DE58800757E9F /* Sources */,
				A74D3422180DE58800757E9F /* Frameworks */,
				A74D3423180DE58800757E9F /* Resources */,
				F3580331B48647E89480F9C3 /* Copy Pods Resources */,
			);
			buildRules = (
			);
			dependencies = (
				A74D342B180DE58800757E9F /* PBXTargetDependency */,
			);
			name = RubyTests;
			productName = RubyTests;
			productReference = A74D3425180DE58800757E9F /* RubyTests.xctest */;
			productType = "com.apple.product-type.bundle.unit-test";
		};
/* End PBXNativeTarget section */

/* Begin PBXProject section */
		A74D3402180DE58800757E9F /* Project object */ = {
			isa = PBXProject;
			attributes = {
				CLASSPREFIX = RBY;
				LastUpgradeCheck = 0500;
				ORGANIZATIONNAME = OliverAtkinson;
				TargetAttributes = {
					A74D3424180DE58800757E9F = {
						TestTargetID = A74D3409180DE58800757E9F;
					};
				};
			};
			buildConfigurationList = A74D3405180DE58800757E9F /* Build configuration list for PBXProject "Ruby" */;
			compatibilityVersion = "Xcode 3.2";
			developmentRegion = English;
			hasScannedForEncodings = 0;
			knownRegions = (
				en,
			);
			mainGroup = A74D3401180DE58800757E9F;
			productRefGroup = A74D340B180DE58800757E9F /* Products */;
			projectDirPath = "";
			projectRoot = "";
			targets = (
				A74D3409180DE58800757E9F /* Ruby */,
				A74D3424180DE58800757E9F /* RubyTests */,
			);
		};
/* End PBXProject section */

/* Begin PBXResourcesBuildPhase section */
		A74D3408180DE58800757E9F /* Resources */ = {
			isa = PBXResourcesBuildPhase;
			buildActionMask = 2147483647;
			files = (
			);
			runOnlyForDeploymentPostprocessing = 0;
		};
		A74D3423180DE58800757E9F /* Resources */ = {
			isa = PBXResourcesBuildPhase;
			buildActionMask = 2147483647;
			files = (
				A74D3431180DE58800757E9F /* InfoPlist.strings in Resources */,
			);
			runOnlyForDeploymentPostprocessing = 0;
		};
/* End PBXResourcesBuildPhase section */

/* Begin PBXShellScriptBuildPhase section */
		CA7647E97E484A9A928BB3C4 /* Check Pods Manifest.lock */ = {
			isa = PBXShellScriptBuildPhase;
			buildActionMask = 2147483647;
			files = (
			);
			inputPaths = (
			);
			name = "Check Pods Manifest.lock";
			outputPaths = (
			);
			runOnlyForDeploymentPostprocessing = 0;
			shellPath = /bin/sh;
			shellScript = "diff \"${PODS_ROOT}/../Podfile.lock\" \"${PODS_ROOT}/Manifest.lock\" > /dev/null\nif [[ $? != 0 ]] ; then\n    cat << EOM\nerror: The sandbox is not in sync with the Podfile.lock. Run 'pod install' or update your CocoaPods installation.\nEOM\n    exit 1\nfi\n";
			showEnvVarsInLog = 0;
		};
		F3580331B48647E89480F9C3 /* Copy Pods Resources */ = {
			isa = PBXShellScriptBuildPhase;
			buildActionMask = 2147483647;
			files = (
			);
			inputPaths = (
			);
			name = "Copy Pods Resources";
			outputPaths = (
			);
			runOnlyForDeploymentPostprocessing = 0;
			shellPath = /bin/sh;
			shellScript = "\"${SRCROOT}/Pods/Pods-RubyTests-resources.sh\"\n";
			showEnvVarsInLog = 0;
		};
/* End PBXShellScriptBuildPhase section */

/* Begin PBXSourcesBuildPhase section */
		A74D3406180DE58800757E9F /* Sources */ = {
			isa = PBXSourcesBuildPhase;
			buildActionMask = 2147483647;
			files = (
				A74D343E180DE5AA00757E9F /* NSArray+Ruby.m in Sources */,
			);
			runOnlyForDeploymentPostprocessing = 0;
		};
		A74D3421180DE58800757E9F /* Sources */ = {
			isa = PBXSourcesBuildPhase;
			buildActionMask = 2147483647;
			files = (
				A74D3433180DE58800757E9F /* RubyTests.m in Sources */,
			);
			runOnlyForDeploymentPostprocessing = 0;
		};
/* End PBXSourcesBuildPhase section */

/* Begin PBXTargetDependency section */
		A74D342B180DE58800757E9F /* PBXTargetDependency */ = {
			isa = PBXTargetDependency;
			target = A74D3409180DE58800757E9F /* Ruby */;
			targetProxy = A74D342A180DE58800757E9F /* PBXContainerItemProxy */;
		};
/* End PBXTargetDependency section */

/* Begin PBXVariantGroup section */
		A74D342F180DE58800757E9F /* InfoPlist.strings */ = {
			isa = PBXVariantGroup;
			children = (
				A74D3430180DE58800757E9F /* en */,
			);
			name = InfoPlist.strings;
			sourceTree = "<group>";
		};
/* End PBXVariantGroup section */

/* Begin XCBuildConfiguration section */
		A74D3434180DE58800757E9F /* Debug */ = {
			isa = XCBuildConfiguration;
			buildSettings = {
				ALWAYS_SEARCH_USER_PATHS = NO;
				ARCHS = "$(ARCHS_STANDARD_INCLUDING_64_BIT)";
				CLANG_CXX_LANGUAGE_STANDARD = "gnu++0x";
				CLANG_CXX_LIBRARY = "libc++";
				CLANG_ENABLE_MODULES = YES;
				CLANG_ENABLE_OBJC_ARC = YES;
				CLANG_WARN_BOOL_CONVERSION = YES;
				CLANG_WARN_CONSTANT_CONVERSION = YES;
				CLANG_WARN_DIRECT_OBJC_ISA_USAGE = YES_ERROR;
				CLANG_WARN_EMPTY_BODY = YES;
				CLANG_WARN_ENUM_CONVERSION = YES;
				CLANG_WARN_INT_CONVERSION = YES;
				CLANG_WARN_OBJC_ROOT_CLASS = YES_ERROR;
				CLANG_WARN__DUPLICATE_METHOD_MATCH = YES;
				"CODE_SIGN_IDENTITY[sdk=iphoneos*]" = "iPhone Developer";
				COPY_PHASE_STRIP = NO;
				GCC_C_LANGUAGE_STANDARD = gnu99;
				GCC_DYNAMIC_NO_PIC = NO;
				GCC_OPTIMIZATION_LEVEL = 0;
				GCC_PREPROCESSOR_DEFINITIONS = (
					"DEBUG=1",
					"$(inherited)",
				);
				GCC_SYMBOLS_PRIVATE_EXTERN = NO;
				GCC_WARN_64_TO_32_BIT_CONVERSION = YES;
				GCC_WARN_ABOUT_RETURN_TYPE = YES_ERROR;
				GCC_WARN_UNDECLARED_SELECTOR = YES;
				GCC_WARN_UNINITIALIZED_AUTOS = YES;
				GCC_WARN_UNUSED_FUNCTION = YES;
				GCC_WARN_UNUSED_VARIABLE = YES;
				IPHONEOS_DEPLOYMENT_TARGET = 7.0;
				ONLY_ACTIVE_ARCH = YES;
				SDKROOT = iphoneos;
				TARGETED_DEVICE_FAMILY = "1,2";
			};
			name = Debug;
		};
		A74D3435180DE58800757E9F /* Release */ = {
			isa = XCBuildConfiguration;
			buildSettings = {
				ALWAYS_SEARCH_USER_PATHS = NO;
				ARCHS = "$(ARCHS_STANDARD_INCLUDING_64_BIT)";
				CLANG_CXX_LANGUAGE_STANDARD = "gnu++0x";
				CLANG_CXX_LIBRARY = "libc++";
				CLANG_ENABLE_MODULES = YES;
				CLANG_ENABLE_OBJC_ARC = YES;
				CLANG_WARN_BOOL_CONVERSION = YES;
				CLANG_WARN_CONSTANT_CONVERSION = YES;
				CLANG_WARN_DIRECT_OBJC_ISA_USAGE = YES_ERROR;
				CLANG_WARN_EMPTY_BODY = YES;
				CLANG_WARN_ENUM_CONVERSION = YES;
				CLANG_WARN_INT_CONVERSION = YES;
				CLANG_WARN_OBJC_ROOT_CLASS = YES_ERROR;
				CLANG_WARN__DUPLICATE_METHOD_MATCH = YES;
				"CODE_SIGN_IDENTITY[sdk=iphoneos*]" = "iPhone Developer";
				COPY_PHASE_STRIP = YES;
				ENABLE_NS_ASSERTIONS = NO;
				GCC_C_LANGUAGE_STANDARD = gnu99;
				GCC_WARN_64_TO_32_BIT_CONVERSION = YES;
				GCC_WARN_ABOUT_RETURN_TYPE = YES_ERROR;
				GCC_WARN_UNDECLARED_SELECTOR = YES;
				GCC_WARN_UNINITIALIZED_AUTOS = YES;
				GCC_WARN_UNUSED_FUNCTION = YES;
				GCC_WARN_UNUSED_VARIABLE = YES;
				IPHONEOS_DEPLOYMENT_TARGET = 7.0;
				SDKROOT = iphoneos;
				TARGETED_DEVICE_FAMILY = "1,2";
				VALIDATE_PRODUCT = YES;
			};
			name = Release;
		};
		A74D3437180DE58800757E9F /* Debug */ = {
			isa = XCBuildConfiguration;
			buildSettings = {
				ASSETCATALOG_COMPILER_APPICON_NAME = AppIcon;
				ASSETCATALOG_COMPILER_LAUNCHIMAGE_NAME = LaunchImage;
				GCC_PRECOMPILE_PREFIX_HEADER = YES;
				GCC_PREFIX_HEADER = "Ruby/Ruby-Prefix.pch";
				INFOPLIST_FILE = "Ruby/Ruby-Info.plist";
				PRODUCT_NAME = "$(TARGET_NAME)";
				WRAPPER_EXTENSION = app;
			};
			name = Debug;
		};
		A74D3438180DE58800757E9F /* Release */ = {
			isa = XCBuildConfiguration;
			buildSettings = {
				ASSETCATALOG_COMPILER_APPICON_NAME = AppIcon;
				ASSETCATALOG_COMPILER_LAUNCHIMAGE_NAME = LaunchImage;
				GCC_PRECOMPILE_PREFIX_HEADER = YES;
				GCC_PREFIX_HEADER = "Ruby/Ruby-Prefix.pch";
				INFOPLIST_FILE = "Ruby/Ruby-Info.plist";
				PRODUCT_NAME = "$(TARGET_NAME)";
				WRAPPER_EXTENSION = app;
			};
			name = Release;
		};
		A74D343A180DE58800757E9F /* Debug */ = {
			isa = XCBuildConfiguration;
			baseConfigurationReference = 18FDA2DA49E048108B527498 /* Pods-RubyTests.xcconfig */;
			buildSettings = {
				ARCHS = "$(ARCHS_STANDARD_INCLUDING_64_BIT)";
				BUNDLE_LOADER = "$(BUILT_PRODUCTS_DIR)/Ruby.app/Ruby";
				FRAMEWORK_SEARCH_PATHS = (
					"$(SDKROOT)/Developer/Library/Frameworks",
					"$(inherited)",
					"$(DEVELOPER_FRAMEWORKS_DIR)",
				);
				GCC_PRECOMPILE_PREFIX_HEADER = YES;
				GCC_PREFIX_HEADER = "Ruby/Ruby-Prefix.pch";
				GCC_PREPROCESSOR_DEFINITIONS = (
					"DEBUG=1",
					"$(inherited)",
				);
				INFOPLIST_FILE = "RubyTests/RubyTests-Info.plist";
				PRODUCT_NAME = "$(TARGET_NAME)";
				TEST_HOST = "$(BUNDLE_LOADER)";
				WRAPPER_EXTENSION = xctest;
			};
			name = Debug;
		};
		A74D343B180DE58800757E9F /* Release */ = {
			isa = XCBuildConfiguration;
			baseConfigurationReference = 18FDA2DA49E048108B527498 /* Pods-RubyTests.xcconfig */;
			buildSettings = {
				ARCHS = "$(ARCHS_STANDARD_INCLUDING_64_BIT)";
				BUNDLE_LOADER = "$(BUILT_PRODUCTS_DIR)/Ruby.app/Ruby";
				FRAMEWORK_SEARCH_PATHS = (
					"$(SDKROOT)/Developer/Library/Frameworks",
					"$(inherited)",
					"$(DEVELOPER_FRAMEWORKS_DIR)",
				);
				GCC_PRECOMPILE_PREFIX_HEADER = YES;
				GCC_PREFIX_HEADER = "Ruby/Ruby-Prefix.pch";
				INFOPLIST_FILE = "RubyTests/RubyTests-Info.plist";
				PRODUCT_NAME = "$(TARGET_NAME)";
				TEST_HOST = "$(BUNDLE_LOADER)";
				WRAPPER_EXTENSION = xctest;
			};
			name = Release;
		};
/* End XCBuildConfiguration section */

/* Begin XCConfigurationList section */
		A74D3405180DE58800757E9F /* Build configuration list for PBXProject "Ruby" */ = {
			isa = XCConfigurationList;
			buildConfigurations = (
				A74D3434180DE58800757E9F /* Debug */,
				A74D3435180DE58800757E9F /* Release */,
			);
			defaultConfigurationIsVisible = 0;
			defaultConfigurationName = Release;
		};
		A74D3436180DE58800757E9F /* Build configuration list for PBXNativeTarget "Ruby" */ = {
			isa = XCConfigurationList;
			buildConfigurations = (
				A74D3437180DE58800757E9F /* Debug */,
				A74D3438180DE58800757E9F /* Release */,
			);
			defaultConfigurationIsVisible = 0;
			defaultConfigurationName = Release;
		};
		A74D3439180DE58800757E9F /* Build configuration list for PBXNativeTarget "RubyTests" */ = {
			isa = XCConfigurationList;
			buildConfigurations = (
				A74D343A180DE58800757E9F /* Debug */,
				A74D343B180DE58800757E9F /* Release */,
			);
			defaultConfigurationIsVisible = 0;
			defaultConfigurationName = Release;
		};
/* End XCConfigurationList section */
	};
	rootObject = A74D3402180DE58800757E9F /* Project object */;
}
